
Microsoft Visual Studio Solution File, Format Version 12.00
# Visual Studio Version 16
VisualStudioVersion = 25.0.1706.10
MinimumVisualStudioVersion = 10.0.40219.1
Project("{FAE04EC0-301F-11D3-BF4B-00C04F79EFBC}") = "UserGenderValidation", "Week2\UserGenderValidation.csproj", "{210E74C8-0D0D-4BA6-8265-50DA766BB26B}"
EndProject
Project("{FAE04EC0-301F-11D3-BF4B-00C04F79EFBC}") = "UserAgeValidation", "UserAgeValidation\UserAgeValidation.csproj", "{C145C003-2442-4360-9F7B-F64ED0B01002}"
EndProject
Global
	GlobalSection(SolutionConfigurationPlatforms) = preSolution
		Debug|Any CPU = Debug|Any CPU
		Release|Any CPU = Release|Any CPU
	EndGlobalSection
	GlobalSection(ProjectConfigurationPlatforms) = postSolution
		{210E74C8-0D0D-4BA6-8265-50DA766BB26B}.Debug|Any CPU.ActiveCfg = Debug|Any CPU
		{210E74C8-0D0D-4BA6-8265-50DA766BB26B}.Debug|Any CPU.Build.0 = Debug|Any CPU
		{210E74C8-0D0D-4BA6-8265-50DA766BB26B}.Release|Any CPU.ActiveCfg = Release|Any CPU
		{210E74C8-0D0D-4BA6-8265-50DA766BB26B}.Release|Any CPU.Build.0 = Release|Any CPU
		{C145C003-2442-4360-9F7B-F64ED0B01002}.Debug|Any CPU.ActiveCfg = Debug|Any CPU
		{C145C003-2442-4360-9F7B-F64ED0B01002}.Debug|Any CPU.Build.0 = Debug|Any CPU
		{C145C003-2442-4360-9F7B-F64ED0B01002}.Release|Any CPU.ActiveCfg = Release|Any CPU
		{C145C003-2442-4360-9F7B-F64ED0B01002}.Release|Any CPU.Build.0 = Release|Any CPU
	EndGlobalSection
	GlobalSection(SolutionProperties) = preSolution
		HideSolutionNode = FALSE
	EndGlobalSection
	GlobalSection(ExtensibilityGlobals) = postSolution
		SolutionGuid = {2DBA083C-F58C-4EBE-BF90-20D53890AEB9}
	EndGlobalSection
EndGlobal
